// !$*UTF8*$!
{
	archiveVersion = 1;
	classes = {
	};
	objectVersion = 51;
	objects = {

/* Begin PBXBuildFile section */
		A10000011F2D4E63B7C5F1A0 /* CookieManagerModuleImpl.swift in Sources */ = {isa = PBXBuildFile; fileRef = A10000001F2D4E63B7C5F1A0 /* CookieManagerModuleImpl.swift */; };
		A10000031F2D4E63B7C5F1A0 /* RNCookieManagerIOS.swift in Sources */ = {isa = PBXBuildFile; fileRef = A10000021F2D4E63B7C5F1A0 /* RNCookieManagerIOS.swift */; };
		A10000051F2D4E63B7C5F1A0 /* CookieManagerModule.mm in Sources */ = {isa = PBXBuildFile; fileRef = A10000041F2D4E63B7C5F1A0 /* CookieManagerModule.mm */; };
		A10000071F2D4E63B7C5F1A0 /* CookieManagerModuleImplTests.swift in Sources */ = {isa = PBXBuildFile; fileRef = A10000061F2D4E63B7C5F1A0 /* CookieManagerModuleImplTests.swift */; };
		A10000091F2D4E63B7C5F1A0 /* libRNCookieManagerIOS.a in Frameworks */ = {isa = PBXBuildFile; fileRef = A10000081F2D4E63B7C5F1A0 /* libRNCookieManagerIOS.a */; };
/* End PBXBuildFile section */

/* Begin PBXFileReference section */
		A10000001F2D4E63B7C5F1A0 /* CookieManagerModuleImpl.swift */ = {isa = PBXFileReference; lastKnownFileType = sourcecode.swift; path = Shared/CookieManagerModuleImpl.swift; sourceTree = SOURCE_ROOT; };
		A10000021F2D4E63B7C5F1A0 /* RNCookieManagerIOS.swift */ = {isa = PBXFileReference; lastKnownFileType = sourcecode.swift; path = Legacy/RNCookieManagerIOS.swift; sourceTree = SOURCE_ROOT; };
		A10000041F2D4E63B7C5F1A0 /* CookieManagerModule.mm */ = {isa = PBXFileReference; lastKnownFileType = sourcecode.cpp.objcpp; path = NewArchitecture/CookieManagerModule.mm; sourceTree = SOURCE_ROOT; };
		A100000A1F2D4E63B7C5F1A0 /* CookieManagerModule.h */ = {isa = PBXFileReference; lastKnownFileType = sourcecode.c.h; path = NewArchitecture/CookieManagerModule.h; sourceTree = SOURCE_ROOT; };
		A10000061F2D4E63B7C5F1A0 /* CookieManagerModuleImplTests.swift */ = {isa = PBXFileReference; lastKnownFileType = sourcecode.swift; path = Tests/CookieManagerModuleImplTests.swift; sourceTree = SOURCE_ROOT; };
		A10000081F2D4E63B7C5F1A0 /* libRNCookieManagerIOS.a */ = {isa = PBXFileReference; explicitFileType = archive.ar; includeInIndex = 0; path = libRNCookieManagerIOS.a; sourceTree = BUILT_PRODUCTS_DIR; };
		A100000B1F2D4E63B7C5F1A0 /* RNCookieManagerIOSTests.xctest */ = {isa = PBXFileReference; explicitFileType = wrapper.cfbundle; includeInIndex = 0; path = RNCookieManagerIOSTests.xctest; sourceTree = BUILT_PRODUCTS_DIR; };
/* End PBXFileReference section */

/* Begin PBXFrameworksBuildPhase section */
		A10000111F2D4E63B7C5F1A0 /* Frameworks */ = {
			isa = PBXFrameworksBuildPhase;
			buildActionMask = 2147483647;
			files = (
			);
			runOnlyForDeploymentPostprocessing = 0;
		};
		A10000121F2D4E63B7C5F1A0 /* Frameworks */ = {
			isa = PBXFrameworksBuildPhase;
			buildActionMask = 2147483647;
			files = (
				A10000091F2D4E63B7C5F1A0 /* libRNCookieManagerIOS.a in Frameworks */,
			);
			runOnlyForDeploymentPostprocessing = 0;
		};
/* End PBXFrameworksBuildPhase section */

/* Begin PBXGroup section */
		A10000201F2D4E63B7C5F1A0 = {
			isa = PBXGroup;
			children = (
				A10000211F2D4E63B7C5F1A0 /* Sources */,
				A10000251F2D4E63B7C5F1A0 /* Products */,
			);
			sourceTree = "<group>";
		};
		A10000211F2D4E63B7C5F1A0 /* Sources */ = {
			isa = PBXGroup;
			children = (
				A10000221F2D4E63B7C5F1A0 /* Shared */,
				A10000231F2D4E63B7C5F1A0 /* Legacy */,
				A10000241F2D4E63B7C5F1A0 /* NewArchitecture */,
				A10000261F2D4E63B7C5F1A0 /* Tests */,
			);
			sourceTree = "<group>";
		};
		A10000221F2D4E63B7C5F1A0 /* Shared */ = {
			isa = PBXGroup;
			children = (
				A10000001F2D4E63B7C5F1A0 /* CookieManagerModuleImpl.swift */,
			);
			path = Shared;
			sourceTree = SOURCE_ROOT;
		};
		A10000231F2D4E63B7C5F1A0 /* Legacy */ = {
			isa = PBXGroup;
			children = (
				A10000021F2D4E63B7C5F1A0 /* RNCookieManagerIOS.swift */,
			);
			path = Legacy;
			sourceTree = SOURCE_ROOT;
		};
		A10000241F2D4E63B7C5F1A0 /* NewArchitecture */ = {
			isa = PBXGroup;
			children = (
				A100000A1F2D4E63B7C5F1A0 /* CookieManagerModule.h */,
				A10000041F2D4E63B7C5F1A0 /* CookieManagerModule.mm */,
			);
			path = NewArchitecture;
			sourceTree = SOURCE_ROOT;
		};
		A10000261F2D4E63B7C5F1A0 /* Tests */ = {
			isa = PBXGroup;
			children = (
				A10000061F2D4E63B7C5F1A0 /* CookieManagerModuleImplTests.swift */,
			);
			path = Tests;
			sourceTree = SOURCE_ROOT;
		};
		A10000251F2D4E63B7C5F1A0 /* Products */ = {
			isa = PBXGroup;
			children = (
				A10000081F2D4E63B7C5F1A0 /* libRNCookieManagerIOS.a */,
				A100000B1F2D4E63B7C5F1A0 /* RNCookieManagerIOSTests.xctest */,
			);
			name = Products;
			sourceTree = "<group>";
		};
/* End PBXGroup section */

/* Begin PBXNativeTarget section */
		A10000301F2D4E63B7C5F1A0 /* RNCookieManagerIOS */ = {
			isa = PBXNativeTarget;
			buildConfigurationList = A10000471F2D4E63B7C5F1A0 /* Build configuration list for PBXNativeTarget "RNCookieManagerIOS" */;
			buildPhases = (
				A10000101F2D4E63B7C5F1A0 /* Sources */,
				A10000111F2D4E63B7C5F1A0 /* Frameworks */,
			);
			buildRules = (
			);
			dependencies = (
			);
			name = RNCookieManagerIOS;
			productName = RNCookieManagerIOS;
			productReference = A10000081F2D4E63B7C5F1A0 /* libRNCookieManagerIOS.a */;
			productType = "com.apple.product-type.library.static";
		};
		A10000311F2D4E63B7C5F1A0 /* RNCookieManagerIOSTests */ = {
			isa = PBXNativeTarget;
			buildConfigurationList = A100004A1F2D4E63B7C5F1A0 /* Build configuration list for PBXNativeTarget "RNCookieManagerIOSTests" */;
			buildPhases = (
				A10000121F2D4E63B7C5F1A0 /* Frameworks */,
				A10000131F2D4E63B7C5F1A0 /* Sources */,
				A10000141F2D4E63B7C5F1A0 /* Resources */,
			);
			buildRules = (
			);
			dependencies = (
				A10000151F2D4E63B7C5F1A0 /* PBXTargetDependency */,
			);
			name = RNCookieManagerIOSTests;
			productName = RNCookieManagerIOSTests;
			productReference = A100000B1F2D4E63B7C5F1A0 /* RNCookieManagerIOSTests.xctest */;
			productType = "com.apple.product-type.bundle.unit-test";
		};
/* End PBXNativeTarget section */

/* Begin PBXProject section */
		A100002F1F2D4E63B7C5F1A0 /* Project object */ = {
			isa = PBXProject;
			attributes = {
				LastSwiftUpdateCheck = 1500;
				LastUpgradeCheck = 1500;
				TargetAttributes = {
					A10000301F2D4E63B7C5F1A0 = {
						CreatedOnToolsVersion = 15.0;
					};
					A10000311F2D4E63B7C5F1A0 = {
						CreatedOnToolsVersion = 15.0;
					};
				};
			};
			buildConfigurationList = A10000461F2D4E63B7C5F1A0 /* Build configuration list for PBXProject "RNCookieManagerIOS" */;
			compatibilityVersion = "Xcode 14.0";
			developmentRegion = en;
			hasScannedForEncodings = 0;
			knownRegions = (
				en,
			);
			mainGroup = A10000201F2D4E63B7C5F1A0;
			productRefGroup = A10000251F2D4E63B7C5F1A0 /* Products */;
			projectDirPath = "";
			projectRoot = "";
			targets = (
				A10000301F2D4E63B7C5F1A0 /* RNCookieManagerIOS */,
				A10000311F2D4E63B7C5F1A0 /* RNCookieManagerIOSTests */,
			);
		};
/* End PBXProject section */

/* Begin PBXResourcesBuildPhase section */
		A10000141F2D4E63B7C5F1A0 /* Resources */ = {
			isa = PBXResourcesBuildPhase;
			buildActionMask = 2147483647;
			files = (
			);
			runOnlyForDeploymentPostprocessing = 0;
		};
/* End PBXResourcesBuildPhase section */

/* Begin PBXSourcesBuildPhase section */
		A10000101F2D4E63B7C5F1A0 /* Sources */ = {
			isa = PBXSourcesBuildPhase;
			buildActionMask = 2147483647;
			files = (
				A10000011F2D4E63B7C5F1A0 /* CookieManagerModuleImpl.swift in Sources */,
				A10000031F2D4E63B7C5F1A0 /* RNCookieManagerIOS.swift in Sources */,
				A10000051F2D4E63B7C5F1A0 /* CookieManagerModule.mm in Sources */,
			);
			runOnlyForDeploymentPostprocessing = 0;
		};
		A10000131F2D4E63B7C5F1A0 /* Sources */ = {
			isa = PBXSourcesBuildPhase;
			buildActionMask = 2147483647;
			files = (
				A10000071F2D4E63B7C5F1A0 /* CookieManagerModuleImplTests.swift in Sources */,
			);
			runOnlyForDeploymentPostprocessing = 0;
		};
/* End PBXSourcesBuildPhase section */

/* Begin PBXTargetDependency section */
		A10000151F2D4E63B7C5F1A0 /* PBXTargetDependency */ = {isa = PBXTargetDependency; target = A10000301F2D4E63B7C5F1A0 /* RNCookieManagerIOS */; targetProxy = A10000161F2D4E63B7C5F1A0 /* PBXContainerItemProxy */; };
/* End PBXTargetDependency section */

/* Begin XCBuildConfiguration section */
		A10000401F2D4E63B7C5F1A0 /* Debug */ = {
			isa = XCBuildConfiguration;
			buildSettings = {
				ALWAYS_SEARCH_USER_PATHS = NO;
				CLANG_ANALYZER_NONNULL = YES;
				CLANG_CXX_LANGUAGE_STANDARD = "gnu++17";
				CLANG_ENABLE_MODULES = YES;
				CLANG_ENABLE_OBJC_ARC = YES;
				CLANG_WARN_DOCUMENTATION_COMMENTS = YES;
				ENABLE_STRICT_OBJC_MSGSEND = YES;
				GCC_C_LANGUAGE_STANDARD = gnu11;
				GCC_WARN_64_TO_32_BIT_CONVERSION = YES;
				GCC_WARN_ABOUT_RETURN_TYPE = YES_ERROR;
				GCC_WARN_UNINITIALIZED_AUTOS = YES_AGGRESSIVE;
				HEADER_SEARCH_PATHS = (
					"$(inherited)",
					"$(SRCROOT)/../node_modules/react-native/React/**",
					"$(SRCROOT)/../../node_modules/react-native/React/**",
					"$(SRCROOT)/../../../node_modules/react-native/React/**",
				);
				IPHONEOS_DEPLOYMENT_TARGET = 11.0;
				OTHER_LDFLAGS = "-ObjC";
				PRODUCT_NAME = "$(TARGET_NAME)";
				PRODUCT_MODULE_NAME = react_native_cookies;
				SWIFT_MODULE_NAME = react_native_cookies;
				SKIP_INSTALL = YES;
				SWIFT_OBJC_BRIDGING_HEADER = "";
				SWIFT_VERSION = 5.0;
				DEFINES_MODULE = YES;
			};
			name = Debug;
		};
		A10000411F2D4E63B7C5F1A0 /* Release */ = {
			isa = XCBuildConfiguration;
			buildSettings = {
				ALWAYS_SEARCH_USER_PATHS = NO;
				CLANG_ANALYZER_NONNULL = YES;
				CLANG_CXX_LANGUAGE_STANDARD = "gnu++17";
				CLANG_ENABLE_MODULES = YES;
				CLANG_ENABLE_OBJC_ARC = YES;
				CLANG_WARN_DOCUMENTATION_COMMENTS = YES;
				ENABLE_NS_ASSERTIONS = NO;
				ENABLE_STRICT_OBJC_MSGSEND = YES;
				GCC_C_LANGUAGE_STANDARD = gnu11;
				GCC_WARN_64_TO_32_BIT_CONVERSION = YES;
				GCC_WARN_ABOUT_RETURN_TYPE = YES_ERROR;
				GCC_WARN_UNINITIALIZED_AUTOS = YES_AGGRESSIVE;
				HEADER_SEARCH_PATHS = (
					"$(inherited)",
					"$(SRCROOT)/../node_modules/react-native/React/**",
					"$(SRCROOT)/../../node_modules/react-native/React/**",
					"$(SRCROOT)/../../../node_modules/react-native/React/**",
				);
				IPHONEOS_DEPLOYMENT_TARGET = 11.0;
				OTHER_LDFLAGS = "-ObjC";
				PRODUCT_NAME = "$(TARGET_NAME)";
				PRODUCT_MODULE_NAME = react_native_cookies;
				SWIFT_MODULE_NAME = react_native_cookies;
				SKIP_INSTALL = YES;
				SWIFT_OBJC_BRIDGING_HEADER = "";
				SWIFT_VERSION = 5.0;
				DEFINES_MODULE = YES;
			};
			name = Release;
		};
		A10000481F2D4E63B7C5F1A0 /* Debug */ = {
			isa = XCBuildConfiguration;
			buildSettings = {
				CLANG_ENABLE_MODULES = YES;
				GENERATE_INFOPLIST_FILE = YES;
				IPHONEOS_DEPLOYMENT_TARGET = 11.0;
				LD_RUNPATH_SEARCH_PATHS = ("$(inherited)", "@executable_path/Frameworks", "@loader_path/Frameworks");
				PRODUCT_BUNDLE_IDENTIFIER = com.reactnativecommunity.cookies.tests;
				PRODUCT_NAME = "$(TARGET_NAME)";
				PRODUCT_MODULE_NAME = react_native_cookies;
				SWIFT_MODULE_NAME = react_native_cookies;
				SWIFT_VERSION = 5.0;
				HEADER_SEARCH_PATHS = (
					"$(inherited)",
					"$(SRCROOT)/../node_modules/react-native/React/**",
				);
				DEFINES_MODULE = YES;
			};
			name = Debug;
		};
		A10000491F2D4E63B7C5F1A0 /* Release */ = {
			isa = XCBuildConfiguration;
			buildSettings = {
				CLANG_ENABLE_MODULES = YES;
				GENERATE_INFOPLIST_FILE = YES;
				IPHONEOS_DEPLOYMENT_TARGET = 11.0;
				LD_RUNPATH_SEARCH_PATHS = ("$(inherited)", "@executable_path/Frameworks", "@loader_path/Frameworks");
				PRODUCT_BUNDLE_IDENTIFIER = com.reactnativecommunity.cookies.tests;
				PRODUCT_NAME = "$(TARGET_NAME)";
				PRODUCT_MODULE_NAME = react_native_cookies;
				SWIFT_MODULE_NAME = react_native_cookies;
				SWIFT_VERSION = 5.0;
				HEADER_SEARCH_PATHS = (
					"$(inherited)",
					"$(SRCROOT)/../node_modules/react-native/React/**",
				);
				DEFINES_MODULE = YES;
			};
			name = Release;
		};
/* End XCBuildConfiguration section */

/* Begin XCConfigurationList section */
		A10000461F2D4E63B7C5F1A0 /* Build configuration list for PBXProject "RNCookieManagerIOS" */ = {
			isa = XCConfigurationList;
			buildConfigurations = (
				A10000401F2D4E63B7C5F1A0 /* Debug */,
				A10000411F2D4E63B7C5F1A0 /* Release */,
			);
			defaultConfigurationIsVisible = 0;
			defaultConfigurationName = Release;
		};
		A10000471F2D4E63B7C5F1A0 /* Build configuration list for PBXNativeTarget "RNCookieManagerIOS" */ = {
			isa = XCConfigurationList;
			buildConfigurations = (
				A10000401F2D4E63B7C5F1A0 /* Debug */,
				A10000411F2D4E63B7C5F1A0 /* Release */,
			);
			defaultConfigurationIsVisible = 0;
			defaultConfigurationName = Release;
		};
		A100004A1F2D4E63B7C5F1A0 /* Build configuration list for PBXNativeTarget "RNCookieManagerIOSTests" */ = {
			isa = XCConfigurationList;
			buildConfigurations = (
				A10000481F2D4E63B7C5F1A0 /* Debug */,
				A10000491F2D4E63B7C5F1A0 /* Release */,
			);
			defaultConfigurationIsVisible = 0;
			defaultConfigurationName = Release;
		};
/* End XCConfigurationList section */

};
	rootObject = A100002F1F2D4E63B7C5F1A0 /* Project object */;
}




